{
  "name": "brianopdedijk",
  "version": "1.0.0",
  "lockfileVersion": 2,
  "requires": true,
  "packages": {
    "": {
      "name": "brianopdedijk",
      "version": "1.0.0",
      "license": "ISC",
      "dependencies": {
        "zola-bin": "^0.3.7"
      }
    },
    "node_modules/dotenv": {
      "version": "16.0.3",
      "resolved": "https://registry.npmjs.org/dotenv/-/dotenv-16.0.3.tgz",
      "integrity": "sha512-7GO6HghkA5fYG9TYnNxi14/7K9f5occMlp3zXAuSxn7CKCxt9xbNWG7yF8hTCSUchlfWSe3uLmlPfigevRItzQ==",
      "engines": {
        "node": ">=12"
      }
    },
    "node_modules/zola-bin": {
      "version": "0.3.7",
      "resolved": "https://registry.npmjs.org/zola-bin/-/zola-bin-0.3.7.tgz",
      "integrity": "sha512-zsvs9GRFfajkWljlCWyUlWGL44MufJwAiAoCDh9It2cPGu2btzAF9yhSdjCvkWlu+avp7OG5C6NxIhc1qA9c7g==",
      "dependencies": {
        "dotenv": "16.0.3"
      },
      "bin": {
        "zola-bin": "bin/zola.js"
      },
      "engines": {
        "node": ">=14.0.0"
      },
      "optionalDependencies": {
        "zola-bin-darwin": "^0.17.2",
        "zola-bin-linux": "^0.17.4",
        "zola-bin-win32": "^0.17.3"
      }
    },
    "node_modules/zola-bin-darwin": {
      "version": "0.17.2",
      "resolved": "https://registry.npmjs.org/zola-bin-darwin/-/zola-bin-darwin-0.17.2.tgz",
      "integrity": "sha512-MBhGlfdq0nh0250kFE5eh7/2xIDg0RqMZNcmSZO6bWsyDRauxycFH0jOKwLEwcnnk5RkTpjjE59Xghz58T6D/g==",
      "optional": true,
      "os": [
        "darwin"
      ]
    },
    "node_modules/zola-bin-linux": {
      "version": "0.17.4",
      "resolved": "https://registry.npmjs.org/zola-bin-linux/-/zola-bin-linux-0.17.4.tgz",
      "integrity": "sha512-89W3A5vj32KGz+Gx/X0oMcXU8W7Pt1GuOy2p1st9RwrSMPleSAZ1qBEmzhhVkY+QRZErUXcoRBOtjtdqE8uJdw==",
      "optional": true,
      "os": [
        "linux"
      ]
    },
    "node_modules/zola-bin-win32": {
      "version": "0.17.3",
      "resolved": "https://registry.npmjs.org/zola-bin-win32/-/zola-bin-win32-0.17.3.tgz",
      "integrity": "sha512-egeRIY5BPevfVIokdYZDYOziOSbnfasEY1aHN6PTN1eH4eIipQpe2X9PQydsCz8ySzSk640Fo+/3ZesYHxOPkA==",
      "optional": true,
      "os": [
        "win32"
      ]
    }
  },
  "dependencies": {
    "dotenv": {
      "version": "16.0.3",
      "resolved": "https://registry.npmjs.org/dotenv/-/dotenv-16.0.3.tgz",
      "integrity": "sha512-7GO6HghkA5fYG9TYnNxi14/7K9f5occMlp3zXAuSxn7CKCxt9xbNWG7yF8hTCSUchlfWSe3uLmlPfigevRItzQ=="
    },
    "zola-bin": {
      "version": "0.3.7",
      "resolved": "https://registry.npmjs.org/zola-bin/-/zola-bin-0.3.7.tgz",
      "integrity": "sha512-zsvs9GRFfajkWljlCWyUlWGL44MufJwAiAoCDh9It2cPGu2btzAF9yhSdjCvkWlu+avp7OG5C6NxIhc1qA9c7g==",
      "requires": {
        "dotenv": "16.0.3",
        "zola-bin-darwin": "^0.17.2",
        "zola-bin-linux": "^0.17.4",
        "zola-bin-win32": "^0.17.3"
      }
    },
    "zola-bin-darwin": {
      "version": "0.17.2",
      "resolved": "https://registry.npmjs.org/zola-bin-darwin/-/zola-bin-darwin-0.17.2.tgz",
      "integrity": "sha512-MBhGlfdq0nh0250kFE5eh7/2xIDg0RqMZNcmSZO6bWsyDRauxycFH0jOKwLEwcnnk5RkTpjjE59Xghz58T6D/g==",
      "optional": true
    },
    "zola-bin-linux": {
      "version": "0.17.4",
      "resolved": "https://registry.npmjs.org/zola-bin-linux/-/zola-bin-linux-0.17.4.tgz",
      "integrity": "sha512-89W3A5vj32KGz+Gx/X0oMcXU8W7Pt1GuOy2p1st9RwrSMPleSAZ1qBEmzhhVkY+QRZErUXcoRBOtjtdqE8uJdw==",
      "optional": true
    },
    "zola-bin-win32": {
      "version": "0.17.3",
      "resolved": "https://registry.npmjs.org/zola-bin-win32/-/zola-bin-win32-0.17.3.tgz",
      "integrity": "sha512-egeRIY5BPevfVIokdYZDYOziOSbnfasEY1aHN6PTN1eH4eIipQpe2X9PQydsCz8ySzSk640Fo+/3ZesYHxOPkA==",
      "optional": true
    }
  }
}
